
Microsoft Visual Studio Solution File, Format Version 11.00
# Visual Studio 2010
Project("{FAE04EC0-301F-11D3-BF4B-00C04F79EFBC}") = "jMailMeta", "jMailMeta\jMailMeta.csproj", "{322D7EF5-2366-43FE-945D-E9DC562C0EE2}"
EndProject
Global
	GlobalSection(SolutionConfigurationPlatforms) = preSolution
		Debug|Any CPU = Debug|Any CPU
		Release|Any CPU = Release|Any CPU
	EndGlobalSection
	GlobalSection(ProjectConfigurationPlatforms) = postSolution
		{322D7EF5-2366-43FE-945D-E9DC562C0EE2}.Debug|Any CPU.ActiveCfg = Debug|Any CPU
		{322D7EF5-2366-43FE-945D-E9DC562C0EE2}.Debug|Any CPU.Build.0 = Debug|Any CPU
		{322D7EF5-2366-43FE-945D-E9DC562C0EE2}.Release|Any CPU.ActiveCfg = Release|Any CPU
		{322D7EF5-2366-43FE-945D-E9DC562C0EE2}.Release|Any CPU.Build.0 = Release|Any CPU
	EndGlobalSection
	GlobalSection(SolutionProperties) = preSolution
		HideSolutionNode = FALSE
	EndGlobalSection
EndGlobal
